PODS:
  - AFNetworking (3.2.1):
    - AFNetworking/NSURLSession (= 3.2.1)
    - AFNetworking/Reachability (= 3.2.1)
    - AFNetworking/Security (= 3.2.1)
    - AFNetworking/Serialization (= 3.2.1)
    - AFNetworking/UIKit (= 3.2.1)
  - AFNetworking/NSURLSession (3.2.1):
    - AFNetworking/Reachability
    - AFNetworking/Security
    - AFNetworking/Serialization
  - AFNetworking/Reachability (3.2.1)
  - AFNetworking/Security (3.2.1)
  - AFNetworking/Serialization (3.2.1)
  - AFNetworking/UIKit (3.2.1):
    - AFNetworking/NSURLSession
  - BGFMDB (2.0.13):
    - BGFMDB/BG (= 2.0.13)
    - BGFMDB/FMDB (= 2.0.13)
  - BGFMDB/BG (2.0.13):
    - BGFMDB/FMDB
  - BGFMDB/FMDB (2.0.13)
  - Reachability (3.2)

DEPENDENCIES:
  - AFNetworking
  - BGFMDB
  - Reachability

SPEC REPOS:
  https://github.com/cocoapods/specs.git:
    - AFNetworking
    - BGFMDB
    - Reachability

SPEC CHECKSUMS:
  AFNetworking: b6f891fdfaed196b46c7a83cf209e09697b94057
  BGFMDB: 48e6823027232402a678acc7f71484b1fc9171d0
  Reachability: 33e18b67625424e47b6cde6d202dce689ad7af96

PODFILE CHECKSUM: ad43f320599a39787f0a45a76d5aa48e0ea4cf75

COCOAPODS: 1.5.3
